
Microsoft Visual Studio Solution File, Format Version 12.00
# Visual Studio 2013
VisualStudioVersion = 12.0.21005.1
MinimumVisualStudioVersion = 10.0.40219.1
Project("{FAE04EC0-301F-11D3-BF4B-00C04F79EFBC}") = "AlumcMVC", "AlumcMVC\AlumcMVC.csproj", "{EF815BE1-D245-4E2A-A4E9-B6FFD1C4ED58}"
EndProject
Project("{FAE04EC0-301F-11D3-BF4B-00C04F79EFBC}") = "AlumcMVC.Tests", "AlumcMVC.Tests\AlumcMVC.Tests.csproj", "{5702AA4F-6FE5-4040-B711-2CC9D78F7BD1}"
EndProject
Project("{FAE04EC0-301F-11D3-BF4B-00C04F79EFBC}") = "DomainBusiness", "DomainBusiness\DomainBusiness.csproj", "{5275112E-0AB5-4DC8-B47A-3D24370FDBC1}"
EndProject
Global
	GlobalSection(SolutionConfigurationPlatforms) = preSolution
		Debug|Any CPU = Debug|Any CPU
		Release|Any CPU = Release|Any CPU
	EndGlobalSection
	GlobalSection(ProjectConfigurationPlatforms) = postSolution
		{EF815BE1-D245-4E2A-A4E9-B6FFD1C4ED58}.Debug|Any CPU.ActiveCfg = Debug|Any CPU
		{EF815BE1-D245-4E2A-A4E9-B6FFD1C4ED58}.Debug|Any CPU.Build.0 = Debug|Any CPU
		{EF815BE1-D245-4E2A-A4E9-B6FFD1C4ED58}.Release|Any CPU.ActiveCfg = Release|Any CPU
		{EF815BE1-D245-4E2A-A4E9-B6FFD1C4ED58}.Release|Any CPU.Build.0 = Release|Any CPU
		{5702AA4F-6FE5-4040-B711-2CC9D78F7BD1}.Debug|Any CPU.ActiveCfg = Debug|Any CPU
		{5702AA4F-6FE5-4040-B711-2CC9D78F7BD1}.Debug|Any CPU.Build.0 = Debug|Any CPU
		{5702AA4F-6FE5-4040-B711-2CC9D78F7BD1}.Release|Any CPU.ActiveCfg = Release|Any CPU
		{5702AA4F-6FE5-4040-B711-2CC9D78F7BD1}.Release|Any CPU.Build.0 = Release|Any CPU
		{5275112E-0AB5-4DC8-B47A-3D24370FDBC1}.Debug|Any CPU.ActiveCfg = Debug|Any CPU
		{5275112E-0AB5-4DC8-B47A-3D24370FDBC1}.Debug|Any CPU.Build.0 = Debug|Any CPU
		{5275112E-0AB5-4DC8-B47A-3D24370FDBC1}.Release|Any CPU.ActiveCfg = Release|Any CPU
		{5275112E-0AB5-4DC8-B47A-3D24370FDBC1}.Release|Any CPU.Build.0 = Release|Any CPU
	EndGlobalSection
	GlobalSection(SolutionProperties) = preSolution
		HideSolutionNode = FALSE
	EndGlobalSection
EndGlobal
